{
  "requires": true,
  "lockfileVersion": 1,
  "dependencies": {
    "json": {
      "version": "9.0.6",
      "resolved": "https://registry.npmjs.org/json/-/json-9.0.6.tgz",
      "integrity": "sha1-eXLCpaSKQmeNsnMMfCxO5uTiRYU="
    }
  },
  "devDependencies": {
    "elm": "^0.19.0-bugfix2"
  },
  "scripts": {
    "build": "elm make src/Main.elm --output dest/index.html"
  }
}
